
Microsoft Visual Studio Solution File, Format Version 12.00
# Visual Studio Version 16
VisualStudioVersion = 16.0.30011.22
MinimumVisualStudioVersion = 10.0.40219.1
Project("{9A19103F-16F7-4668-BE54-9A1E7A4F7556}") = "AutoMapper.Example", "AutoMapper.Example\AutoMapper.Example.csproj", "{D30EFCC1-FD9D-4190-87A4-D565B220EEB9}"
EndProject
Project("{9A19103F-16F7-4668-BE54-9A1E7A4F7556}") = "AutoMapper.Patcher", "AutoMapper.Patcher\AutoMapper.Patcher.csproj", "{4504A2DC-90C6-4AAF-9B0C-45601BEBFA7F}"
EndProject
Global
	GlobalSection(SolutionConfigurationPlatforms) = preSolution
		Debug|Any CPU = Debug|Any CPU
		Release|Any CPU = Release|Any CPU
	EndGlobalSection
	GlobalSection(ProjectConfigurationPlatforms) = postSolution
		{D30EFCC1-FD9D-4190-87A4-D565B220EEB9}.Debug|Any CPU.ActiveCfg = Debug|Any CPU
		{D30EFCC1-FD9D-4190-87A4-D565B220EEB9}.Debug|Any CPU.Build.0 = Debug|Any CPU
		{D30EFCC1-FD9D-4190-87A4-D565B220EEB9}.Release|Any CPU.ActiveCfg = Release|Any CPU
		{D30EFCC1-FD9D-4190-87A4-D565B220EEB9}.Release|Any CPU.Build.0 = Release|Any CPU
		{4504A2DC-90C6-4AAF-9B0C-45601BEBFA7F}.Debug|Any CPU.ActiveCfg = Debug|Any CPU
		{4504A2DC-90C6-4AAF-9B0C-45601BEBFA7F}.Debug|Any CPU.Build.0 = Debug|Any CPU
		{4504A2DC-90C6-4AAF-9B0C-45601BEBFA7F}.Release|Any CPU.ActiveCfg = Release|Any CPU
		{4504A2DC-90C6-4AAF-9B0C-45601BEBFA7F}.Release|Any CPU.Build.0 = Release|Any CPU
	EndGlobalSection
	GlobalSection(SolutionProperties) = preSolution
		HideSolutionNode = FALSE
	EndGlobalSection
	GlobalSection(ExtensibilityGlobals) = postSolution
		SolutionGuid = {F60E8C2E-450D-4016-B40F-C5978EADF9DB}
	EndGlobalSection
EndGlobal
